
Microsoft Visual Studio Solution File, Format Version 12.00
# Visual Studio Version 17
VisualStudioVersion = 17.3.32929.385
MinimumVisualStudioVersion = 10.0.40219.1
Project("{9A19103F-16F7-4668-BE54-9A1E7A4F7556}") = "CRUD winform application", "CRUD winform application\CRUD winform application.csproj", "{84016DCC-AFDA-4CB6-8DFE-8638EB8F416A}"
EndProject
Global
	GlobalSection(SolutionConfigurationPlatforms) = preSolution
		Debug|Any CPU = Debug|Any CPU
		Release|Any CPU = Release|Any CPU
	EndGlobalSection
	GlobalSection(ProjectConfigurationPlatforms) = postSolution
		{84016DCC-AFDA-4CB6-8DFE-8638EB8F416A}.Debug|Any CPU.ActiveCfg = Debug|Any CPU
		{84016DCC-AFDA-4CB6-8DFE-8638EB8F416A}.Debug|Any CPU.Build.0 = Debug|Any CPU
		{84016DCC-AFDA-4CB6-8DFE-8638EB8F416A}.Release|Any CPU.ActiveCfg = Release|Any CPU
		{84016DCC-AFDA-4CB6-8DFE-8638EB8F416A}.Release|Any CPU.Build.0 = Release|Any CPU
	EndGlobalSection
	GlobalSection(SolutionProperties) = preSolution
		HideSolutionNode = FALSE
	EndGlobalSection
	GlobalSection(ExtensibilityGlobals) = postSolution
		SolutionGuid = {F4B0BD3B-0084-42AB-8C65-BDE974AD6B75}
	EndGlobalSection
EndGlobal
